github.com/google/uuid v1.2.0 h1:qJYtXnJRWmpe7m/3XlyhrsLrEURqHRM2kxzoxXqyUDs=
github.com/google/uuid v1.2.0/go.mod h1:TIyPZe4MgqvfeYDBFedMoGGpEw/LqOeaOT+nhxU+yHo=
github.com/mattn/go-sqlite3 v1.14.7 h1:fxWBnXkxfM6sRiuH3bqJ4CfzZojMOLVc0UTsTglEghA=
github.com/mattn/go-sqlite3 v1.14.7/go.mod h1:NyWgC/yNuGj7Q9rpYnZvas74GogHl5/Z4A/KQRfk6bU=
github.com/xhit/go-simple-mail/v2 v2.9.0 h1:vN4fb1Aw5BDtMeJuV/aTP82ufjdT8q0GmqiBjMKPN6I=
github.com/xhit/go-simple-mail/v2 v2.9.0/go.mod h1:kA1XbQfCI4JxQ9ccSN6VFyIEkkugOm7YiPkA5hKiQn4=
